
Microsoft Visual Studio Solution File, Format Version 12.00
# Visual Studio Version 17
Project("{8BC9CEB8-8B4A-11D0-8D11-00A0C91BC942}") = "ALL_BUILD", "ALL_BUILD.vcxproj", "{C936FE0E-A477-31CB-9CED-7C5CA5C30904}"
	ProjectSection(ProjectDependencies) = postProject
		{BC3EE5E7-E119-3BF7-A881-E37F21EEBD3C} = {BC3EE5E7-E119-3BF7-A881-E37F21EEBD3C}
		{11319A6B-6173-389C-B864-65B82980624C} = {11319A6B-6173-389C-B864-65B82980624C}
		{AAA1A72C-84EF-3847-9279-AF8FBAC61249} = {AAA1A72C-84EF-3847-9279-AF8FBAC61249}
		{991A1982-0AE6-3EB4-B784-8F015CF306FF} = {991A1982-0AE6-3EB4-B784-8F015CF306FF}
		{2DA31966-20C1-3E27-BF2B-BD6BD9646065} = {2DA31966-20C1-3E27-BF2B-BD6BD9646065}
		{B2039511-EB2E-341B-AF8B-A942B025D944} = {B2039511-EB2E-341B-AF8B-A942B025D944}
		{8CF30E90-DFB9-3631-8792-8E0C47FC75F0} = {8CF30E90-DFB9-3631-8792-8E0C47FC75F0}
		{C7E83F24-CED4-3104-922C-990A488B6D05} = {C7E83F24-CED4-3104-922C-990A488B6D05}
		{915CDB1D-4CAF-3660-AC34-EDD78D2B3464} = {915CDB1D-4CAF-3660-AC34-EDD78D2B3464}
		{9125B719-ACD7-3366-92A0-9D5FAF4A2051} = {9125B719-ACD7-3366-92A0-9D5FAF4A2051}
		{2E2D2605-A795-3762-9C35-7EC5E35D292A} = {2E2D2605-A795-3762-9C35-7EC5E35D292A}
		{092DE1BE-E742-3BE3-B4E1-58D14DA47AA1} = {092DE1BE-E742-3BE3-B4E1-58D14DA47AA1}
		{F1EC4EDA-26F2-3B85-8B6B-DCE76E8009CF} = {F1EC4EDA-26F2-3B85-8B6B-DCE76E8009CF}
		{E4B55F63-0184-3C65-A8A0-C2070E41AA5D} = {E4B55F63-0184-3C65-A8A0-C2070E41AA5D}
		{AE98AA48-08D2-3C39-86D8-DFADCFEBB899} = {AE98AA48-08D2-3C39-86D8-DFADCFEBB899}
	EndProjectSection
EndProject
Project("{8BC9CEB8-8B4A-11D0-8D11-00A0C91BC942}") = "RUN_TESTS", "RUN_TESTS.vcxproj", "{C0BBC547-8903-3847-9C41-692220C36FE4}"
	ProjectSection(ProjectDependencies) = postProject
		{BC3EE5E7-E119-3BF7-A881-E37F21EEBD3C} = {BC3EE5E7-E119-3BF7-A881-E37F21EEBD3C}
	EndProjectSection
EndProject
Project("{8BC9CEB8-8B4A-11D0-8D11-00A0C91BC942}") = "ZERO_CHECK", "ZERO_CHECK.vcxproj", "{BC3EE5E7-E119-3BF7-A881-E37F21EEBD3C}"
	ProjectSection(ProjectDependencies) = postProject
	EndProjectSection
EndProject
Project("{8BC9CEB8-8B4A-11D0-8D11-00A0C91BC942}") = "bison_parser_tests", "bison_parser_tests.vcxproj", "{11319A6B-6173-389C-B864-65B82980624C}"
	ProjectSection(ProjectDependencies) = postProject
		{BC3EE5E7-E119-3BF7-A881-E37F21EEBD3C} = {BC3EE5E7-E119-3BF7-A881-E37F21EEBD3C}
		{B2039511-EB2E-341B-AF8B-A942B025D944} = {B2039511-EB2E-341B-AF8B-A942B025D944}
	EndProjectSection
EndProject
Project("{8BC9CEB8-8B4A-11D0-8D11-00A0C91BC942}") = "codegen_template_tests", "codegen_template_tests.vcxproj", "{AAA1A72C-84EF-3847-9279-AF8FBAC61249}"
	ProjectSection(ProjectDependencies) = postProject
		{BC3EE5E7-E119-3BF7-A881-E37F21EEBD3C} = {BC3EE5E7-E119-3BF7-A881-E37F21EEBD3C}
	EndProjectSection
EndProject
Project("{8BC9CEB8-8B4A-11D0-8D11-00A0C91BC942}") = "lexer_smoke_tests", "lexer_smoke_tests.vcxproj", "{991A1982-0AE6-3EB4-B784-8F015CF306FF}"
	ProjectSection(ProjectDependencies) = postProject
		{BC3EE5E7-E119-3BF7-A881-E37F21EEBD3C} = {BC3EE5E7-E119-3BF7-A881-E37F21EEBD3C}
		{B2039511-EB2E-341B-AF8B-A942B025D944} = {B2039511-EB2E-341B-AF8B-A942B025D944}
	EndProjectSection
EndProject
Project("{8BC9CEB8-8B4A-11D0-8D11-00A0C91BC942}") = "lexer_tests", "lexer_tests.vcxproj", "{2DA31966-20C1-3E27-BF2B-BD6BD9646065}"
	ProjectSection(ProjectDependencies) = postProject
		{BC3EE5E7-E119-3BF7-A881-E37F21EEBD3C} = {BC3EE5E7-E119-3BF7-A881-E37F21EEBD3C}
		{B2039511-EB2E-341B-AF8B-A942B025D944} = {B2039511-EB2E-341B-AF8B-A942B025D944}
	EndProjectSection
EndProject
Project("{8BC9CEB8-8B4A-11D0-8D11-00A0C91BC942}") = "parser_bison", "parser_bison.vcxproj", "{B2039511-EB2E-341B-AF8B-A942B025D944}"
	ProjectSection(ProjectDependencies) = postProject
		{BC3EE5E7-E119-3BF7-A881-E37F21EEBD3C} = {BC3EE5E7-E119-3BF7-A881-E37F21EEBD3C}
	EndProjectSection
EndProject
Project("{8BC9CEB8-8B4A-11D0-8D11-00A0C91BC942}") = "parser_tests", "parser_tests.vcxproj", "{8CF30E90-DFB9-3631-8792-8E0C47FC75F0}"
	ProjectSection(ProjectDependencies) = postProject
		{BC3EE5E7-E119-3BF7-A881-E37F21EEBD3C} = {BC3EE5E7-E119-3BF7-A881-E37F21EEBD3C}
		{B2039511-EB2E-341B-AF8B-A942B025D944} = {B2039511-EB2E-341B-AF8B-A942B025D944}
	EndProjectSection
EndProject
Project("{8BC9CEB8-8B4A-11D0-8D11-00A0C91BC942}") = "pascc", "pascc.vcxproj", "{C7E83F24-CED4-3104-922C-990A488B6D05}"
	ProjectSection(ProjectDependencies) = postProject
		{BC3EE5E7-E119-3BF7-A881-E37F21EEBD3C} = {BC3EE5E7-E119-3BF7-A881-E37F21EEBD3C}
		{B2039511-EB2E-341B-AF8B-A942B025D944} = {B2039511-EB2E-341B-AF8B-A942B025D944}
	EndProjectSection
EndProject
Project("{8BC9CEB8-8B4A-11D0-8D11-00A0C91BC942}") = "semantic_declaration_tests", "semantic_declaration_tests.vcxproj", "{915CDB1D-4CAF-3660-AC34-EDD78D2B3464}"
	ProjectSection(ProjectDependencies) = postProject
		{BC3EE5E7-E119-3BF7-A881-E37F21EEBD3C} = {BC3EE5E7-E119-3BF7-A881-E37F21EEBD3C}
		{B2039511-EB2E-341B-AF8B-A942B025D944} = {B2039511-EB2E-341B-AF8B-A942B025D944}
	EndProjectSection
EndProject
Project("{8BC9CEB8-8B4A-11D0-8D11-00A0C91BC942}") = "semantic_expression_tests", "semantic_expression_tests.vcxproj", "{9125B719-ACD7-3366-92A0-9D5FAF4A2051}"
	ProjectSection(ProjectDependencies) = postProject
		{BC3EE5E7-E119-3BF7-A881-E37F21EEBD3C} = {BC3EE5E7-E119-3BF7-A881-E37F21EEBD3C}
		{B2039511-EB2E-341B-AF8B-A942B025D944} = {B2039511-EB2E-341B-AF8B-A942B025D944}
	EndProjectSection
EndProject
Project("{8BC9CEB8-8B4A-11D0-8D11-00A0C91BC942}") = "semantic_gate_tests", "semantic_gate_tests.vcxproj", "{2E2D2605-A795-3762-9C35-7EC5E35D292A}"
	ProjectSection(ProjectDependencies) = postProject
		{BC3EE5E7-E119-3BF7-A881-E37F21EEBD3C} = {BC3EE5E7-E119-3BF7-A881-E37F21EEBD3C}
		{B2039511-EB2E-341B-AF8B-A942B025D944} = {B2039511-EB2E-341B-AF8B-A942B025D944}
	EndProjectSection
EndProject
Project("{8BC9CEB8-8B4A-11D0-8D11-00A0C91BC942}") = "semantic_param_tests", "semantic_param_tests.vcxproj", "{092DE1BE-E742-3BE3-B4E1-58D14DA47AA1}"
	ProjectSection(ProjectDependencies) = postProject
		{BC3EE5E7-E119-3BF7-A881-E37F21EEBD3C} = {BC3EE5E7-E119-3BF7-A881-E37F21EEBD3C}
		{B2039511-EB2E-341B-AF8B-A942B025D944} = {B2039511-EB2E-341B-AF8B-A942B025D944}
	EndProjectSection
EndProject
Project("{8BC9CEB8-8B4A-11D0-8D11-00A0C91BC942}") = "semantic_tableset_tests", "semantic_tableset_tests.vcxproj", "{F1EC4EDA-26F2-3B85-8B6B-DCE76E8009CF}"
	ProjectSection(ProjectDependencies) = postProject
		{BC3EE5E7-E119-3BF7-A881-E37F21EEBD3C} = {BC3EE5E7-E119-3BF7-A881-E37F21EEBD3C}
	EndProjectSection
EndProject
Project("{8BC9CEB8-8B4A-11D0-8D11-00A0C91BC942}") = "semantic_typepool_tests", "semantic_typepool_tests.vcxproj", "{E4B55F63-0184-3C65-A8A0-C2070E41AA5D}"
	ProjectSection(ProjectDependencies) = postProject
		{BC3EE5E7-E119-3BF7-A881-E37F21EEBD3C} = {BC3EE5E7-E119-3BF7-A881-E37F21EEBD3C}
	EndProjectSection
EndProject
Project("{8BC9CEB8-8B4A-11D0-8D11-00A0C91BC942}") = "semantic_usage_tests", "semantic_usage_tests.vcxproj", "{AE98AA48-08D2-3C39-86D8-DFADCFEBB899}"
	ProjectSection(ProjectDependencies) = postProject
		{BC3EE5E7-E119-3BF7-A881-E37F21EEBD3C} = {BC3EE5E7-E119-3BF7-A881-E37F21EEBD3C}
		{B2039511-EB2E-341B-AF8B-A942B025D944} = {B2039511-EB2E-341B-AF8B-A942B025D944}
	EndProjectSection
EndProject
Global
	GlobalSection(SolutionConfigurationPlatforms) = preSolution
		Debug|x64 = Debug|x64
		Release|x64 = Release|x64
		MinSizeRel|x64 = MinSizeRel|x64
		RelWithDebInfo|x64 = RelWithDebInfo|x64
	EndGlobalSection
	GlobalSection(ProjectConfigurationPlatforms) = postSolution
		{C936FE0E-A477-31CB-9CED-7C5CA5C30904}.Debug|x64.ActiveCfg = Debug|x64
		{C936FE0E-A477-31CB-9CED-7C5CA5C30904}.Release|x64.ActiveCfg = Release|x64
		{C936FE0E-A477-31CB-9CED-7C5CA5C30904}.MinSizeRel|x64.ActiveCfg = MinSizeRel|x64
		{C936FE0E-A477-31CB-9CED-7C5CA5C30904}.RelWithDebInfo|x64.ActiveCfg = RelWithDebInfo|x64
		{C0BBC547-8903-3847-9C41-692220C36FE4}.Debug|x64.ActiveCfg = Debug|x64
		{C0BBC547-8903-3847-9C41-692220C36FE4}.Release|x64.ActiveCfg = Release|x64
		{C0BBC547-8903-3847-9C41-692220C36FE4}.MinSizeRel|x64.ActiveCfg = MinSizeRel|x64
		{C0BBC547-8903-3847-9C41-692220C36FE4}.RelWithDebInfo|x64.ActiveCfg = RelWithDebInfo|x64
		{BC3EE5E7-E119-3BF7-A881-E37F21EEBD3C}.Debug|x64.ActiveCfg = Debug|x64
		{BC3EE5E7-E119-3BF7-A881-E37F21EEBD3C}.Debug|x64.Build.0 = Debug|x64
		{BC3EE5E7-E119-3BF7-A881-E37F21EEBD3C}.Release|x64.ActiveCfg = Release|x64
		{BC3EE5E7-E119-3BF7-A881-E37F21EEBD3C}.Release|x64.Build.0 = Release|x64
		{BC3EE5E7-E119-3BF7-A881-E37F21EEBD3C}.MinSizeRel|x64.ActiveCfg = MinSizeRel|x64
		{BC3EE5E7-E119-3BF7-A881-E37F21EEBD3C}.MinSizeRel|x64.Build.0 = MinSizeRel|x64
		{BC3EE5E7-E119-3BF7-A881-E37F21EEBD3C}.RelWithDebInfo|x64.ActiveCfg = RelWithDebInfo|x64
		{BC3EE5E7-E119-3BF7-A881-E37F21EEBD3C}.RelWithDebInfo|x64.Build.0 = RelWithDebInfo|x64
		{11319A6B-6173-389C-B864-65B82980624C}.Debug|x64.ActiveCfg = Debug|x64
		{11319A6B-6173-389C-B864-65B82980624C}.Debug|x64.Build.0 = Debug|x64
		{11319A6B-6173-389C-B864-65B82980624C}.Release|x64.ActiveCfg = Release|x64
		{11319A6B-6173-389C-B864-65B82980624C}.Release|x64.Build.0 = Release|x64
		{11319A6B-6173-389C-B864-65B82980624C}.MinSizeRel|x64.ActiveCfg = MinSizeRel|x64
		{11319A6B-6173-389C-B864-65B82980624C}.MinSizeRel|x64.Build.0 = MinSizeRel|x64
		{11319A6B-6173-389C-B864-65B82980624C}.RelWithDebInfo|x64.ActiveCfg = RelWithDebInfo|x64
		{11319A6B-6173-389C-B864-65B82980624C}.RelWithDebInfo|x64.Build.0 = RelWithDebInfo|x64
		{AAA1A72C-84EF-3847-9279-AF8FBAC61249}.Debug|x64.ActiveCfg = Debug|x64
		{AAA1A72C-84EF-3847-9279-AF8FBAC61249}.Debug|x64.Build.0 = Debug|x64
		{AAA1A72C-84EF-3847-9279-AF8FBAC61249}.Release|x64.ActiveCfg = Release|x64
		{AAA1A72C-84EF-3847-9279-AF8FBAC61249}.Release|x64.Build.0 = Release|x64
		{AAA1A72C-84EF-3847-9279-AF8FBAC61249}.MinSizeRel|x64.ActiveCfg = MinSizeRel|x64
		{AAA1A72C-84EF-3847-9279-AF8FBAC61249}.MinSizeRel|x64.Build.0 = MinSizeRel|x64
		{AAA1A72C-84EF-3847-9279-AF8FBAC61249}.RelWithDebInfo|x64.ActiveCfg = RelWithDebInfo|x64
		{AAA1A72C-84EF-3847-9279-AF8FBAC61249}.RelWithDebInfo|x64.Build.0 = RelWithDebInfo|x64
		{991A1982-0AE6-3EB4-B784-8F015CF306FF}.Debug|x64.ActiveCfg = Debug|x64
		{991A1982-0AE6-3EB4-B784-8F015CF306FF}.Debug|x64.Build.0 = Debug|x64
		{991A1982-0AE6-3EB4-B784-8F015CF306FF}.Release|x64.ActiveCfg = Release|x64
		{991A1982-0AE6-3EB4-B784-8F015CF306FF}.Release|x64.Build.0 = Release|x64
		{991A1982-0AE6-3EB4-B784-8F015CF306FF}.MinSizeRel|x64.ActiveCfg = MinSizeRel|x64
		{991A1982-0AE6-3EB4-B784-8F015CF306FF}.MinSizeRel|x64.Build.0 = MinSizeRel|x64
		{991A1982-0AE6-3EB4-B784-8F015CF306FF}.RelWithDebInfo|x64.ActiveCfg = RelWithDebInfo|x64
		{991A1982-0AE6-3EB4-B784-8F015CF306FF}.RelWithDebInfo|x64.Build.0 = RelWithDebInfo|x64
		{2DA31966-20C1-3E27-BF2B-BD6BD9646065}.Debug|x64.ActiveCfg = Debug|x64
		{2DA31966-20C1-3E27-BF2B-BD6BD9646065}.Debug|x64.Build.0 = Debug|x64
		{2DA31966-20C1-3E27-BF2B-BD6BD9646065}.Release|x64.ActiveCfg = Release|x64
		{2DA31966-20C1-3E27-BF2B-BD6BD9646065}.Release|x64.Build.0 = Release|x64
		{2DA31966-20C1-3E27-BF2B-BD6BD9646065}.MinSizeRel|x64.ActiveCfg = MinSizeRel|x64
		{2DA31966-20C1-3E27-BF2B-BD6BD9646065}.MinSizeRel|x64.Build.0 = MinSizeRel|x64
		{2DA31966-20C1-3E27-BF2B-BD6BD9646065}.RelWithDebInfo|x64.ActiveCfg = RelWithDebInfo|x64
		{2DA31966-20C1-3E27-BF2B-BD6BD9646065}.RelWithDebInfo|x64.Build.0 = RelWithDebInfo|x64
		{B2039511-EB2E-341B-AF8B-A942B025D944}.Debug|x64.ActiveCfg = Debug|x64
		{B2039511-EB2E-341B-AF8B-A942B025D944}.Debug|x64.Build.0 = Debug|x64
		{B2039511-EB2E-341B-AF8B-A942B025D944}.Release|x64.ActiveCfg = Release|x64
		{B2039511-EB2E-341B-AF8B-A942B025D944}.Release|x64.Build.0 = Release|x64
		{B2039511-EB2E-341B-AF8B-A942B025D944}.MinSizeRel|x64.ActiveCfg = MinSizeRel|x64
		{B2039511-EB2E-341B-AF8B-A942B025D944}.MinSizeRel|x64.Build.0 = MinSizeRel|x64
		{B2039511-EB2E-341B-AF8B-A942B025D944}.RelWithDebInfo|x64.ActiveCfg = RelWithDebInfo|x64
		{B2039511-EB2E-341B-AF8B-A942B025D944}.RelWithDebInfo|x64.Build.0 = RelWithDebInfo|x64
		{8CF30E90-DFB9-3631-8792-8E0C47FC75F0}.Debug|x64.ActiveCfg = Debug|x64
		{8CF30E90-DFB9-3631-8792-8E0C47FC75F0}.Debug|x64.Build.0 = Debug|x64
		{8CF30E90-DFB9-3631-8792-8E0C47FC75F0}.Release|x64.ActiveCfg = Release|x64
		{8CF30E90-DFB9-3631-8792-8E0C47FC75F0}.Release|x64.Build.0 = Release|x64
		{8CF30E90-DFB9-3631-8792-8E0C47FC75F0}.MinSizeRel|x64.ActiveCfg = MinSizeRel|x64
		{8CF30E90-DFB9-3631-8792-8E0C47FC75F0}.MinSizeRel|x64.Build.0 = MinSizeRel|x64
		{8CF30E90-DFB9-3631-8792-8E0C47FC75F0}.RelWithDebInfo|x64.ActiveCfg = RelWithDebInfo|x64
		{8CF30E90-DFB9-3631-8792-8E0C47FC75F0}.RelWithDebInfo|x64.Build.0 = RelWithDebInfo|x64
		{C7E83F24-CED4-3104-922C-990A488B6D05}.Debug|x64.ActiveCfg = Debug|x64
		{C7E83F24-CED4-3104-922C-990A488B6D05}.Debug|x64.Build.0 = Debug|x64
		{C7E83F24-CED4-3104-922C-990A488B6D05}.Release|x64.ActiveCfg = Release|x64
		{C7E83F24-CED4-3104-922C-990A488B6D05}.Release|x64.Build.0 = Release|x64
		{C7E83F24-CED4-3104-922C-990A488B6D05}.MinSizeRel|x64.ActiveCfg = MinSizeRel|x64
		{C7E83F24-CED4-3104-922C-990A488B6D05}.MinSizeRel|x64.Build.0 = MinSizeRel|x64
		{C7E83F24-CED4-3104-922C-990A488B6D05}.RelWithDebInfo|x64.ActiveCfg = RelWithDebInfo|x64
		{C7E83F24-CED4-3104-922C-990A488B6D05}.RelWithDebInfo|x64.Build.0 = RelWithDebInfo|x64
		{915CDB1D-4CAF-3660-AC34-EDD78D2B3464}.Debug|x64.ActiveCfg = Debug|x64
		{915CDB1D-4CAF-3660-AC34-EDD78D2B3464}.Debug|x64.Build.0 = Debug|x64
		{915CDB1D-4CAF-3660-AC34-EDD78D2B3464}.Release|x64.ActiveCfg = Release|x64
		{915CDB1D-4CAF-3660-AC34-EDD78D2B3464}.Release|x64.Build.0 = Release|x64
		{915CDB1D-4CAF-3660-AC34-EDD78D2B3464}.MinSizeRel|x64.ActiveCfg = MinSizeRel|x64
		{915CDB1D-4CAF-3660-AC34-EDD78D2B3464}.MinSizeRel|x64.Build.0 = MinSizeRel|x64
		{915CDB1D-4CAF-3660-AC34-EDD78D2B3464}.RelWithDebInfo|x64.ActiveCfg = RelWithDebInfo|x64
		{915CDB1D-4CAF-3660-AC34-EDD78D2B3464}.RelWithDebInfo|x64.Build.0 = RelWithDebInfo|x64
		{9125B719-ACD7-3366-92A0-9D5FAF4A2051}.Debug|x64.ActiveCfg = Debug|x64
		{9125B719-ACD7-3366-92A0-9D5FAF4A2051}.Debug|x64.Build.0 = Debug|x64
		{9125B719-ACD7-3366-92A0-9D5FAF4A2051}.Release|x64.ActiveCfg = Release|x64
		{9125B719-ACD7-3366-92A0-9D5FAF4A2051}.Release|x64.Build.0 = Release|x64
		{9125B719-ACD7-3366-92A0-9D5FAF4A2051}.MinSizeRel|x64.ActiveCfg = MinSizeRel|x64
		{9125B719-ACD7-3366-92A0-9D5FAF4A2051}.MinSizeRel|x64.Build.0 = MinSizeRel|x64
		{9125B719-ACD7-3366-92A0-9D5FAF4A2051}.RelWithDebInfo|x64.ActiveCfg = RelWithDebInfo|x64
		{9125B719-ACD7-3366-92A0-9D5FAF4A2051}.RelWithDebInfo|x64.Build.0 = RelWithDebInfo|x64
		{2E2D2605-A795-3762-9C35-7EC5E35D292A}.Debug|x64.ActiveCfg = Debug|x64
		{2E2D2605-A795-3762-9C35-7EC5E35D292A}.Debug|x64.Build.0 = Debug|x64
		{2E2D2605-A795-3762-9C35-7EC5E35D292A}.Release|x64.ActiveCfg = Release|x64
		{2E2D2605-A795-3762-9C35-7EC5E35D292A}.Release|x64.Build.0 = Release|x64
		{2E2D2605-A795-3762-9C35-7EC5E35D292A}.MinSizeRel|x64.ActiveCfg = MinSizeRel|x64
		{2E2D2605-A795-3762-9C35-7EC5E35D292A}.MinSizeRel|x64.Build.0 = MinSizeRel|x64
		{2E2D2605-A795-3762-9C35-7EC5E35D292A}.RelWithDebInfo|x64.ActiveCfg = RelWithDebInfo|x64
		{2E2D2605-A795-3762-9C35-7EC5E35D292A}.RelWithDebInfo|x64.Build.0 = RelWithDebInfo|x64
		{092DE1BE-E742-3BE3-B4E1-58D14DA47AA1}.Debug|x64.ActiveCfg = Debug|x64
		{092DE1BE-E742-3BE3-B4E1-58D14DA47AA1}.Debug|x64.Build.0 = Debug|x64
		{092DE1BE-E742-3BE3-B4E1-58D14DA47AA1}.Release|x64.ActiveCfg = Release|x64
		{092DE1BE-E742-3BE3-B4E1-58D14DA47AA1}.Release|x64.Build.0 = Release|x64
		{092DE1BE-E742-3BE3-B4E1-58D14DA47AA1}.MinSizeRel|x64.ActiveCfg = MinSizeRel|x64
		{092DE1BE-E742-3BE3-B4E1-58D14DA47AA1}.MinSizeRel|x64.Build.0 = MinSizeRel|x64
		{092DE1BE-E742-3BE3-B4E1-58D14DA47AA1}.RelWithDebInfo|x64.ActiveCfg = RelWithDebInfo|x64
		{092DE1BE-E742-3BE3-B4E1-58D14DA47AA1}.RelWithDebInfo|x64.Build.0 = RelWithDebInfo|x64
		{F1EC4EDA-26F2-3B85-8B6B-DCE76E8009CF}.Debug|x64.ActiveCfg = Debug|x64
		{F1EC4EDA-26F2-3B85-8B6B-DCE76E8009CF}.Debug|x64.Build.0 = Debug|x64
		{F1EC4EDA-26F2-3B85-8B6B-DCE76E8009CF}.Release|x64.ActiveCfg = Release|x64
		{F1EC4EDA-26F2-3B85-8B6B-DCE76E8009CF}.Release|x64.Build.0 = Release|x64
		{F1EC4EDA-26F2-3B85-8B6B-DCE76E8009CF}.MinSizeRel|x64.ActiveCfg = MinSizeRel|x64
		{F1EC4EDA-26F2-3B85-8B6B-DCE76E8009CF}.MinSizeRel|x64.Build.0 = MinSizeRel|x64
		{F1EC4EDA-26F2-3B85-8B6B-DCE76E8009CF}.RelWithDebInfo|x64.ActiveCfg = RelWithDebInfo|x64
		{F1EC4EDA-26F2-3B85-8B6B-DCE76E8009CF}.RelWithDebInfo|x64.Build.0 = RelWithDebInfo|x64
		{E4B55F63-0184-3C65-A8A0-C2070E41AA5D}.Debug|x64.ActiveCfg = Debug|x64
		{E4B55F63-0184-3C65-A8A0-C2070E41AA5D}.Debug|x64.Build.0 = Debug|x64
		{E4B55F63-0184-3C65-A8A0-C2070E41AA5D}.Release|x64.ActiveCfg = Release|x64
		{E4B55F63-0184-3C65-A8A0-C2070E41AA5D}.Release|x64.Build.0 = Release|x64
		{E4B55F63-0184-3C65-A8A0-C2070E41AA5D}.MinSizeRel|x64.ActiveCfg = MinSizeRel|x64
		{E4B55F63-0184-3C65-A8A0-C2070E41AA5D}.MinSizeRel|x64.Build.0 = MinSizeRel|x64
		{E4B55F63-0184-3C65-A8A0-C2070E41AA5D}.RelWithDebInfo|x64.ActiveCfg = RelWithDebInfo|x64
		{E4B55F63-0184-3C65-A8A0-C2070E41AA5D}.RelWithDebInfo|x64.Build.0 = RelWithDebInfo|x64
		{AE98AA48-08D2-3C39-86D8-DFADCFEBB899}.Debug|x64.ActiveCfg = Debug|x64
		{AE98AA48-08D2-3C39-86D8-DFADCFEBB899}.Debug|x64.Build.0 = Debug|x64
		{AE98AA48-08D2-3C39-86D8-DFADCFEBB899}.Release|x64.ActiveCfg = Release|x64
		{AE98AA48-08D2-3C39-86D8-DFADCFEBB899}.Release|x64.Build.0 = Release|x64
		{AE98AA48-08D2-3C39-86D8-DFADCFEBB899}.MinSizeRel|x64.ActiveCfg = MinSizeRel|x64
		{AE98AA48-08D2-3C39-86D8-DFADCFEBB899}.MinSizeRel|x64.Build.0 = MinSizeRel|x64
		{AE98AA48-08D2-3C39-86D8-DFADCFEBB899}.RelWithDebInfo|x64.ActiveCfg = RelWithDebInfo|x64
		{AE98AA48-08D2-3C39-86D8-DFADCFEBB899}.RelWithDebInfo|x64.Build.0 = RelWithDebInfo|x64
	EndGlobalSection
	GlobalSection(ExtensibilityGlobals) = postSolution
		SolutionGuid = {AD309417-5800-3454-ADE4-CC236CF1E1D0}
	EndGlobalSection
	GlobalSection(ExtensibilityAddIns) = postSolution
	EndGlobalSection
EndGlobal
