
Microsoft Visual Studio Solution File, Format Version 12.00
# Visual Studio Version 17
Project("{8BC9CEB8-8B4A-11D0-8D11-00A0C91BC942}") = "ALL_BUILD", "ALL_BUILD.vcxproj", "{ACADB8A7-04C4-3A5C-9C3B-133950308769}"
	ProjectSection(ProjectDependencies) = postProject
		{C1139D04-CE9B-356E-80E8-FEF05CEC9C4A} = {C1139D04-CE9B-356E-80E8-FEF05CEC9C4A}
		{FDBEFA36-0186-31D6-8CAE-EEA3ADCE3687} = {FDBEFA36-0186-31D6-8CAE-EEA3ADCE3687}
	EndProjectSection
EndProject
Project("{8BC9CEB8-8B4A-11D0-8D11-00A0C91BC942}") = "ZERO_CHECK", "ZERO_CHECK.vcxproj", "{C1139D04-CE9B-356E-80E8-FEF05CEC9C4A}"
	ProjectSection(ProjectDependencies) = postProject
	EndProjectSection
EndProject
Project("{8BC9CEB8-8B4A-11D0-8D11-00A0C91BC942}") = "m5_codegen_compile_check", "m5_codegen_compile_check.vcxproj", "{FDBEFA36-0186-31D6-8CAE-EEA3ADCE3687}"
	ProjectSection(ProjectDependencies) = postProject
		{C1139D04-CE9B-356E-80E8-FEF05CEC9C4A} = {C1139D04-CE9B-356E-80E8-FEF05CEC9C4A}
	EndProjectSection
EndProject
Global
	GlobalSection(SolutionConfigurationPlatforms) = preSolution
		Debug|x64 = Debug|x64
		Release|x64 = Release|x64
		MinSizeRel|x64 = MinSizeRel|x64
		RelWithDebInfo|x64 = RelWithDebInfo|x64
	EndGlobalSection
	GlobalSection(ProjectConfigurationPlatforms) = postSolution
		{ACADB8A7-04C4-3A5C-9C3B-133950308769}.Debug|x64.ActiveCfg = Debug|x64
		{ACADB8A7-04C4-3A5C-9C3B-133950308769}.Release|x64.ActiveCfg = Release|x64
		{ACADB8A7-04C4-3A5C-9C3B-133950308769}.MinSizeRel|x64.ActiveCfg = MinSizeRel|x64
		{ACADB8A7-04C4-3A5C-9C3B-133950308769}.RelWithDebInfo|x64.ActiveCfg = RelWithDebInfo|x64
		{C1139D04-CE9B-356E-80E8-FEF05CEC9C4A}.Debug|x64.ActiveCfg = Debug|x64
		{C1139D04-CE9B-356E-80E8-FEF05CEC9C4A}.Debug|x64.Build.0 = Debug|x64
		{C1139D04-CE9B-356E-80E8-FEF05CEC9C4A}.Release|x64.ActiveCfg = Release|x64
		{C1139D04-CE9B-356E-80E8-FEF05CEC9C4A}.Release|x64.Build.0 = Release|x64
		{C1139D04-CE9B-356E-80E8-FEF05CEC9C4A}.MinSizeRel|x64.ActiveCfg = MinSizeRel|x64
		{C1139D04-CE9B-356E-80E8-FEF05CEC9C4A}.MinSizeRel|x64.Build.0 = MinSizeRel|x64
		{C1139D04-CE9B-356E-80E8-FEF05CEC9C4A}.RelWithDebInfo|x64.ActiveCfg = RelWithDebInfo|x64
		{C1139D04-CE9B-356E-80E8-FEF05CEC9C4A}.RelWithDebInfo|x64.Build.0 = RelWithDebInfo|x64
		{FDBEFA36-0186-31D6-8CAE-EEA3ADCE3687}.Debug|x64.ActiveCfg = Debug|x64
		{FDBEFA36-0186-31D6-8CAE-EEA3ADCE3687}.Debug|x64.Build.0 = Debug|x64
		{FDBEFA36-0186-31D6-8CAE-EEA3ADCE3687}.Release|x64.ActiveCfg = Release|x64
		{FDBEFA36-0186-31D6-8CAE-EEA3ADCE3687}.Release|x64.Build.0 = Release|x64
		{FDBEFA36-0186-31D6-8CAE-EEA3ADCE3687}.MinSizeRel|x64.ActiveCfg = MinSizeRel|x64
		{FDBEFA36-0186-31D6-8CAE-EEA3ADCE3687}.MinSizeRel|x64.Build.0 = MinSizeRel|x64
		{FDBEFA36-0186-31D6-8CAE-EEA3ADCE3687}.RelWithDebInfo|x64.ActiveCfg = RelWithDebInfo|x64
		{FDBEFA36-0186-31D6-8CAE-EEA3ADCE3687}.RelWithDebInfo|x64.Build.0 = RelWithDebInfo|x64
	EndGlobalSection
	GlobalSection(ExtensibilityGlobals) = postSolution
		SolutionGuid = {D435A1D7-EC67-34EA-B3DC-954B44FEF613}
	EndGlobalSection
	GlobalSection(ExtensibilityAddIns) = postSolution
	EndGlobalSection
EndGlobal
